// !$*UTF8*$!
{
	archiveVersion = 1;
	classes = {
	};
	objectVersion = 50;
	objects = {

/* Begin PBXBuildFile section */
		2028AAFF2506D97600C4C4CA /* AppDelegate.swift in Sources */ = {isa = PBXBuildFile; fileRef = 2028AAFE2506D97600C4C4CA /* AppDelegate.swift */; };
		2028AB012506D97600C4C4CA /* ViewController.swift in Sources */ = {isa = PBXBuildFile; fileRef = 2028AB002506D97600C4C4CA /* ViewController.swift */; };
		2028AB032506D97B00C4C4CA /* Assets.xcassets in Resources */ = {isa = PBXBuildFile; fileRef = 2028AB022506D97B00C4C4CA /* Assets.xcassets */; };
		2028AB062506D97B00C4C4CA /* Main.storyboard in Resources */ = {isa = PBXBuildFile; fileRef = 2028AB042506D97B00C4C4CA /* Main.storyboard */; };
		7BF9FF69B632424BCB926FC5 /* Pods_CatCam.framework in Frameworks */ = {isa = PBXBuildFile; fileRef = 2833C3C2E5CC056E700E7BBB /* Pods_CatCam.framework */; };
/* End PBXBuildFile section */

/* Begin PBXFileReference section */
		16C51BBB48D5773200E9189E /* Pods-CatCam.release.xcconfig */ = {isa = PBXFileReference; includeInIndex = 1; lastKnownFileType = text.xcconfig; name = "Pods-CatCam.release.xcconfig"; path = "Target Support Files/Pods-CatCam/Pods-CatCam.release.xcconfig"; sourceTree = "<group>"; };
		2028AAFB2506D97600C4C4CA /* CatCam.app */ = {isa = PBXFileReference; explicitFileType = wrapper.application; includeInIndex = 0; path = CatCam.app; sourceTree = BUILT_PRODUCTS_DIR; };
		2028AAFE2506D97600C4C4CA /* AppDelegate.swift */ = {isa = PBXFileReference; lastKnownFileType = sourcecode.swift; path = AppDelegate.swift; sourceTree = "<group>"; };
		2028AB002506D97600C4C4CA /* ViewController.swift */ = {isa = PBXFileReference; lastKnownFileType = sourcecode.swift; path = ViewController.swift; sourceTree = "<group>"; };
		2028AB022506D97B00C4C4CA /* Assets.xcassets */ = {isa = PBXFileReference; lastKnownFileType = folder.assetcatalog; path = Assets.xcassets; sourceTree = "<group>"; };
		2028AB052506D97B00C4C4CA /* Base */ = {isa = PBXFileReference; lastKnownFileType = file.storyboard; name = Base; path = Base.lproj/Main.storyboard; sourceTree = "<group>"; };
		2028AB072506D97B00C4C4CA /* Info.plist */ = {isa = PBXFileReference; lastKnownFileType = text.plist.xml; path = Info.plist; sourceTree = "<group>"; };
		2028AB082506D97B00C4C4CA /* CatCam.entitlements */ = {isa = PBXFileReference; lastKnownFileType = text.plist.entitlements; path = CatCam.entitlements; sourceTree = "<group>"; };
		2833C3C2E5CC056E700E7BBB /* Pods_CatCam.framework */ = {isa = PBXFileReference; explicitFileType = wrapper.framework; includeInIndex = 0; path = Pods_CatCam.framework; sourceTree = BUILT_PRODUCTS_DIR; };
		45834700836D915655F01823 /* Pods-CatCam.debug.xcconfig */ = {isa = PBXFileReference; includeInIndex = 1; lastKnownFileType = text.xcconfig; name = "Pods-CatCam.debug.xcconfig"; path = "Target Support Files/Pods-CatCam/Pods-CatCam.debug.xcconfig"; sourceTree = "<group>"; };
/* End PBXFileReference section */

/* Begin PBXFrameworksBuildPhase section */
		2028AAF82506D97600C4C4CA /* Frameworks */ = {
			isa = PBXFrameworksBuildPhase;
			buildActionMask = 2147483647;
			files = (
				7BF9FF69B632424BCB926FC5 /* Pods_CatCam.framework in Frameworks */,
			);
			runOnlyForDeploymentPostprocessing = 0;
		};
/* End PBXFrameworksBuildPhase section */

/* Begin PBXGroup section */
		2028AAF22506D97600C4C4CA = {
			isa = PBXGroup;
			children = (
				2028AAFD2506D97600C4C4CA /* CatCam */,
				2028AAFC2506D97600C4C4CA /* Products */,
				9854CAE0FA446385B93D72BF /* Pods */,
				254006E25DC5462026A34649 /* Frameworks */,
			);
			sourceTree = "<group>";
		};
		2028AAFC2506D97600C4C4CA /* Products */ = {
			isa = PBXGroup;
			children = (
				2028AAFB2506D97600C4C4CA /* CatCam.app */,
			);
			name = Products;
			sourceTree = "<group>";
		};
		2028AAFD2506D97600C4C4CA /* CatCam */ = {
			isa = PBXGroup;
			children = (
				2028AAFE2506D97600C4C4CA /* AppDelegate.swift */,
				2028AB002506D97600C4C4CA /* ViewController.swift */,
				2028AB022506D97B00C4C4CA /* Assets.xcassets */,
				2028AB042506D97B00C4C4CA /* Main.storyboard */,
				2028AB072506D97B00C4C4CA /* Info.plist */,
				2028AB082506D97B00C4C4CA /* CatCam.entitlements */,
			);
			path = CatCam;
			sourceTree = "<group>";
		};
		254006E25DC5462026A34649 /* Frameworks */ = {
			isa = PBXGroup;
			children = (
				2833C3C2E5CC056E700E7BBB /* Pods_CatCam.framework */,
			);
			name = Frameworks;
			sourceTree = "<group>";
		};
		9854CAE0FA446385B93D72BF /* Pods */ = {
			isa = PBXGroup;
			children = (
				45834700836D915655F01823 /* Pods-CatCam.debug.xcconfig */,
				16C51BBB48D5773200E9189E /* Pods-CatCam.release.xcconfig */,
			);
			name = Pods;
			path = Pods;
			sourceTree = "<group>";
		};
/* End PBXGroup section */

/* Begin PBXNativeTarget section */
		2028AAFA2506D97600C4C4CA /* CatCam */ = {
			isa = PBXNativeTarget;
			buildConfigurationList = 2028AB0B2506D97B00C4C4CA /* Build configuration list for PBXNativeTarget "CatCam" */;
			buildPhases = (
				C5B96ED513D04FE72B03FF02 /* [CP] Check Pods Manifest.lock */,
				2028AAF72506D97600C4C4CA /* Sources */,
				2028AAF82506D97600C4C4CA /* Frameworks */,
				2028AAF92506D97600C4C4CA /* Resources */,
				055ED0E4DD3661741EDBEBD6 /* [CP] Embed Pods Frameworks */,
			);
			buildRules = (
			);
			dependencies = (
			);
			name = CatCam;
			productName = CatCam;
			productReference = 2028AAFB2506D97600C4C4CA /* CatCam.app */;
			productType = "com.apple.product-type.application";
		};
/* End PBXNativeTarget section */

/* Begin PBXProject section */
		2028AAF32506D97600C4C4CA /* Project object */ = {
			isa = PBXProject;
			attributes = {
				LastSwiftUpdateCheck = 1160;
				LastUpgradeCheck = 1160;
				ORGANIZATIONNAME = "Nikita Milko";
				TargetAttributes = {
					2028AAFA2506D97600C4C4CA = {
						CreatedOnToolsVersion = 11.6;
					};
				};
			};
			buildConfigurationList = 2028AAF62506D97600C4C4CA /* Build configuration list for PBXProject "CatCam" */;
			compatibilityVersion = "Xcode 9.3";
			developmentRegion = en;
			hasScannedForEncodings = 0;
			knownRegions = (
				en,
				Base,
			);
			mainGroup = 2028AAF22506D97600C4C4CA;
			productRefGroup = 2028AAFC2506D97600C4C4CA /* Products */;
			projectDirPath = "";
			projectRoot = "";
			targets = (
				2028AAFA2506D97600C4C4CA /* CatCam */,
			);
		};
/* End PBXProject section */

/* Begin PBXResourcesBuildPhase section */
		2028AAF92506D97600C4C4CA /* Resources */ = {
			isa = PBXResourcesBuildPhase;
			buildActionMask = 2147483647;
			files = (
				2028AB032506D97B00C4C4CA /* Assets.xcassets in Resources */,
				2028AB062506D97B00C4C4CA /* Main.storyboard in Resources */,
			);
			runOnlyForDeploymentPostprocessing = 0;
		};
/* End PBXResourcesBuildPhase section */

/* Begin PBXShellScriptBuildPhase section */
		055ED0E4DD3661741EDBEBD6 /* [CP] Embed Pods Frameworks */ = {
			isa = PBXShellScriptBuildPhase;
			buildActionMask = 2147483647;
			files = (
			);
			inputFileListPaths = (
				"${PODS_ROOT}/Target Support Files/Pods-CatCam/Pods-CatCam-frameworks-${CONFIGURATION}-input-files.xcfilelist",
			);
			name = "[CP] Embed Pods Frameworks";
			outputFileListPaths = (
				"${PODS_ROOT}/Target Support Files/Pods-CatCam/Pods-CatCam-frameworks-${CONFIGURATION}-output-files.xcfilelist",
			);
			runOnlyForDeploymentPostprocessing = 0;
			shellPath = /bin/sh;
			shellScript = "\"${PODS_ROOT}/Target Support Files/Pods-CatCam/Pods-CatCam-frameworks.sh\"\n";
			showEnvVarsInLog = 0;
		};
		C5B96ED513D04FE72B03FF02 /* [CP] Check Pods Manifest.lock */ = {
			isa = PBXShellScriptBuildPhase;
			buildActionMask = 2147483647;
			files = (
			);
			inputFileListPaths = (
			);
			inputPaths = (
				"${PODS_PODFILE_DIR_PATH}/Podfile.lock",
				"${PODS_ROOT}/Manifest.lock",
			);
			name = "[CP] Check Pods Manifest.lock";
			outputFileListPaths = (
			);
			outputPaths = (
				"$(DERIVED_FILE_DIR)/Pods-CatCam-checkManifestLockResult.txt",
			);
			runOnlyForDeploymentPostprocessing = 0;
			shellPath = /bin/sh;
			shellScript = "diff \"${PODS_PODFILE_DIR_PATH}/Podfile.lock\" \"${PODS_ROOT}/Manifest.lock\" > /dev/null\nif [ $? != 0 ] ; then\n    # print error to STDERR\n    echo \"error: The sandbox is not in sync with the Podfile.lock. Run 'pod install' or update your CocoaPods installation.\" >&2\n    exit 1\nfi\n# This output is used by Xcode 'outputs' to avoid re-running this script phase.\necho \"SUCCESS\" > \"${SCRIPT_OUTPUT_FILE_0}\"\n";
			showEnvVarsInLog = 0;
		};
/* End PBXShellScriptBuildPhase section */

/* Begin PBXSourcesBuildPhase section */
		2028AAF72506D97600C4C4CA /* Sources */ = {
			isa = PBXSourcesBuildPhase;
			buildActionMask = 2147483647;
			files = (
				2028AB012506D97600C4C4CA /* ViewController.swift in Sources */,
				2028AAFF2506D97600C4C4CA /* AppDelegate.swift in Sources */,
			);
			runOnlyForDeploymentPostprocessing = 0;
		};
/* End PBXSourcesBuildPhase section */

/* Begin PBXVariantGroup section */
		2028AB042506D97B00C4C4CA /* Main.storyboard */ = {
			isa = PBXVariantGroup;
			children = (
				2028AB052506D97B00C4C4CA /* Base */,
			);
			name = Main.storyboard;
			sourceTree = "<group>";
		};
/* End PBXVariantGroup section */

/* Begin XCBuildConfiguration section */
		2028AB092506D97B00C4C4CA /* Debug */ = {
			isa = XCBuildConfiguration;
			buildSettings = {
				ALWAYS_SEARCH_USER_PATHS = NO;
				CLANG_ANALYZER_NONNULL = YES;
				CLANG_ANALYZER_NUMBER_OBJECT_CONVERSION = YES_AGGRESSIVE;
				CLANG_CXX_LANGUAGE_STANDARD = "gnu++14";
				CLANG_CXX_LIBRARY = "libc++";
				CLANG_ENABLE_MODULES = YES;
				CLANG_ENABLE_OBJC_ARC = YES;
				CLANG_ENABLE_OBJC_WEAK = YES;
				CLANG_WARN_BLOCK_CAPTURE_AUTORELEASING = YES;
				CLANG_WARN_BOOL_CONVERSION = YES;
				CLANG_WARN_COMMA = YES;
				CLANG_WARN_CONSTANT_CONVERSION = YES;
				CLANG_WARN_DEPRECATED_OBJC_IMPLEMENTATIONS = YES;
				CLANG_WARN_DIRECT_OBJC_ISA_USAGE = YES_ERROR;
				CLANG_WARN_DOCUMENTATION_COMMENTS = YES;
				CLANG_WARN_EMPTY_BODY = YES;
				CLANG_WARN_ENUM_CONVERSION = YES;
				CLANG_WARN_INFINITE_RECURSION = YES;
				CLANG_WARN_INT_CONVERSION = YES;
				CLANG_WARN_NON_LITERAL_NULL_CONVERSION = YES;
				CLANG_WARN_OBJC_IMPLICIT_RETAIN_SELF = YES;
				CLANG_WARN_OBJC_LITERAL_CONVERSION = YES;
				CLANG_WARN_OBJC_ROOT_CLASS = YES_ERROR;
				CLANG_WARN_RANGE_LOOP_ANALYSIS = YES;
				CLANG_WARN_STRICT_PROTOTYPES = YES;
				CLANG_WARN_SUSPICIOUS_MOVE = YES;
				CLANG_WARN_UNGUARDED_AVAILABILITY = YES_AGGRESSIVE;
				CLANG_WARN_UNREACHABLE_CODE = YES;
				CLANG_WARN__DUPLICATE_METHOD_MATCH = YES;
				COPY_PHASE_STRIP = NO;
				DEBUG_INFORMATION_FORMAT = dwarf;
				ENABLE_STRICT_OBJC_MSGSEND = YES;
				ENABLE_TESTABILITY = YES;
				GCC_C_LANGUAGE_STANDARD = gnu11;
				GCC_DYNAMIC_NO_PIC = NO;
				GCC_NO_COMMON_BLOCKS = YES;
				GCC_OPTIMIZATION_LEVEL = 0;
				GCC_PREPROCESSOR_DEFINITIONS = (
					"DEBUG=1",
					"$(inherited)",
				);
				GCC_WARN_64_TO_32_BIT_CONVERSION = YES;
				GCC_WARN_ABOUT_RETURN_TYPE = YES_ERROR;
				GCC_WARN_UNDECLARED_SELECTOR = YES;
				GCC_WARN_UNINITIALIZED_AUTOS = YES_AGGRESSIVE;
				GCC_WARN_UNUSED_FUNCTION = YES;
				GCC_WARN_UNUSED_VARIABLE = YES;
				MACOSX_DEPLOYMENT_TARGET = 10.15;
				MTL_ENABLE_DEBUG_INFO = INCLUDE_SOURCE;
				MTL_FAST_MATH = YES;
				ONLY_ACTIVE_ARCH = YES;
				SDKROOT = macosx;
				SWIFT_ACTIVE_COMPILATION_CONDITIONS = DEBUG;
				SWIFT_OPTIMIZATION_LEVEL = "-Onone";
			};
			name = Debug;
		};
		2028AB0A2506D97B00C4C4CA /* Release */ = {
			isa = XCBuildConfiguration;
			buildSettings = {
				ALWAYS_SEARCH_USER_PATHS = NO;
				CLANG_ANALYZER_NONNULL = YES;
				CLANG_ANALYZER_NUMBER_OBJECT_CONVERSION = YES_AGGRESSIVE;
				CLANG_CXX_LANGUAGE_STANDARD = "gnu++14";
				CLANG_CXX_LIBRARY = "libc++";
				CLANG_ENABLE_MODULES = YES;
				CLANG_ENABLE_OBJC_ARC = YES;
				CLANG_ENABLE_OBJC_WEAK = YES;
				CLANG_WARN_BLOCK_CAPTURE_AUTORELEASING = YES;
				CLANG_WARN_BOOL_CONVERSION = YES;
				CLANG_WARN_COMMA = YES;
				CLANG_WARN_CONSTANT_CONVERSION = YES;
				CLANG_WARN_DEPRECATED_OBJC_IMPLEMENTATIONS = YES;
				CLANG_WARN_DIRECT_OBJC_ISA_USAGE = YES_ERROR;
				CLANG_WARN_DOCUMENTATION_COMMENTS = YES;
				CLANG_WARN_EMPTY_BODY = YES;
				CLANG_WARN_ENUM_CONVERSION = YES;
				CLANG_WARN_INFINITE_RECURSION = YES;
				CLANG_WARN_INT_CONVERSION = YES;
				CLANG_WARN_NON_LITERAL_NULL_CONVERSION = YES;
				CLANG_WARN_OBJC_IMPLICIT_RETAIN_SELF = YES;
				CLANG_WARN_OBJC_LITERAL_CONVERSION = YES;
				CLANG_WARN_OBJC_ROOT_CLASS = YES_ERROR;
				CLANG_WARN_RANGE_LOOP_ANALYSIS = YES;
				CLANG_WARN_STRICT_PROTOTYPES = YES;
				CLANG_WARN_SUSPICIOUS_MOVE = YES;
				CLANG_WARN_UNGUARDED_AVAILABILITY = YES_AGGRESSIVE;
				CLANG_WARN_UNREACHABLE_CODE = YES;
				CLANG_WARN__DUPLICATE_METHOD_MATCH = YES;
				COPY_PHASE_STRIP = NO;
				DEBUG_INFORMATION_FORMAT = "dwarf-with-dsym";
				ENABLE_NS_ASSERTIONS = NO;
				ENABLE_STRICT_OBJC_MSGSEND = YES;
				GCC_C_LANGUAGE_STANDARD = gnu11;
				GCC_NO_COMMON_BLOCKS = YES;
				GCC_WARN_64_TO_32_BIT_CONVERSION = YES;
				GCC_WARN_ABOUT_RETURN_TYPE = YES_ERROR;
				GCC_WARN_UNDECLARED_SELECTOR = YES;
				GCC_WARN_UNINITIALIZED_AUTOS = YES_AGGRESSIVE;
				GCC_WARN_UNUSED_FUNCTION = YES;
				GCC_WARN_UNUSED_VARIABLE = YES;
				MACOSX_DEPLOYMENT_TARGET = 10.15;
				MTL_ENABLE_DEBUG_INFO = NO;
				MTL_FAST_MATH = YES;
				SDKROOT = macosx;
				SWIFT_COMPILATION_MODE = wholemodule;
				SWIFT_OPTIMIZATION_LEVEL = "-O";
			};
			name = Release;
		};
		2028AB0C2506D97B00C4C4CA /* Debug */ = {
			isa = XCBuildConfiguration;
			baseConfigurationReference = 45834700836D915655F01823 /* Pods-CatCam.debug.xcconfig */;
			buildSettings = {
				ASSETCATALOG_COMPILER_APPICON_NAME = AppIcon;
				CODE_SIGN_ENTITLEMENTS = CatCam/CatCam.entitlements;
				CODE_SIGN_STYLE = Automatic;
				COMBINE_HIDPI_IMAGES = YES;
				DEVELOPMENT_TEAM = 9SV659AMF3;
				ENABLE_HARDENED_RUNTIME = YES;
				INFOPLIST_FILE = CatCam/Info.plist;
				LD_RUNPATH_SEARCH_PATHS = (
					"$(inherited)",
					"@executable_path/../Frameworks",
				);
				PRODUCT_BUNDLE_IDENTIFIER = com.hata.CatCam;
				PRODUCT_NAME = "$(TARGET_NAME)";
				SWIFT_VERSION = 5.0;
			};
			name = Debug;
		};
		2028AB0D2506D97B00C4C4CA /* Release */ = {
			isa = XCBuildConfiguration;
			baseConfigurationReference = 16C51BBB48D5773200E9189E /* Pods-CatCam.release.xcconfig */;
			buildSettings = {
				ASSETCATALOG_COMPILER_APPICON_NAME = AppIcon;
				CODE_SIGN_ENTITLEMENTS = CatCam/CatCam.entitlements;
				CODE_SIGN_STYLE = Automatic;
				COMBINE_HIDPI_IMAGES = YES;
				DEVELOPMENT_TEAM = 9SV659AMF3;
				ENABLE_HARDENED_RUNTIME = YES;
				INFOPLIST_FILE = CatCam/Info.plist;
				LD_RUNPATH_SEARCH_PATHS = (
					"$(inherited)",
					"@executable_path/../Frameworks",
				);
				PRODUCT_BUNDLE_IDENTIFIER = com.hata.CatCam;
				PRODUCT_NAME = "$(TARGET_NAME)";
				SWIFT_VERSION = 5.0;
			};
			name = Release;
		};
/* End XCBuildConfiguration section */

/* Begin XCConfigurationList section */
		2028AAF62506D97600C4C4CA /* Build configuration list for PBXProject "CatCam" */ = {
			isa = XCConfigurationList;
			buildConfigurations = (
				2028AB092506D97B00C4C4CA /* Debug */,
				2028AB0A2506D97B00C4C4CA /* Release */,
			);
			defaultConfigurationIsVisible = 0;
			defaultConfigurationName = Release;
		};
		2028AB0B2506D97B00C4C4CA /* Build configuration list for PBXNativeTarget "CatCam" */ = {
			isa = XCConfigurationList;
			buildConfigurations = (
				2028AB0C2506D97B00C4C4CA /* Debug */,
				2028AB0D2506D97B00C4C4CA /* Release */,
			);
			defaultConfigurationIsVisible = 0;
			defaultConfigurationName = Release;
		};
/* End XCConfigurationList section */
	};
	rootObject = 2028AAF32506D97600C4C4CA /* Project object */;
}
